
Microsoft Visual Studio Solution File, Format Version 12.00
# Visual Studio 2013
VisualStudioVersion = 12.0.21005.1
MinimumVisualStudioVersion = 10.0.40219.1
Project("{FAE04EC0-301F-11D3-BF4B-00C04F79EFBC}") = "ABSDrive.SMS", "ABSDrive.SMS\ABSDrive.SMS.csproj", "{C18EBD29-6895-4D6B-A864-23739DEC5746}"
EndProject
Project("{FAE04EC0-301F-11D3-BF4B-00C04F79EFBC}") = "ABSDrive.SMSOps", "..\ABSDrive.SMSOps\ABSDrive.SMSOps.csproj", "{E46E6CC3-66C8-42EC-8792-DF81139D668B}"
EndProject
Global
	GlobalSection(SolutionConfigurationPlatforms) = preSolution
		Debug|Any CPU = Debug|Any CPU
		Release|Any CPU = Release|Any CPU
	EndGlobalSection
	GlobalSection(ProjectConfigurationPlatforms) = postSolution
		{C18EBD29-6895-4D6B-A864-23739DEC5746}.Debug|Any CPU.ActiveCfg = Debug|Any CPU
		{C18EBD29-6895-4D6B-A864-23739DEC5746}.Debug|Any CPU.Build.0 = Debug|Any CPU
		{C18EBD29-6895-4D6B-A864-23739DEC5746}.Release|Any CPU.ActiveCfg = Release|Any CPU
		{C18EBD29-6895-4D6B-A864-23739DEC5746}.Release|Any CPU.Build.0 = Release|Any CPU
		{E46E6CC3-66C8-42EC-8792-DF81139D668B}.Debug|Any CPU.ActiveCfg = Debug|Any CPU
		{E46E6CC3-66C8-42EC-8792-DF81139D668B}.Debug|Any CPU.Build.0 = Debug|Any CPU
		{E46E6CC3-66C8-42EC-8792-DF81139D668B}.Release|Any CPU.ActiveCfg = Release|Any CPU
		{E46E6CC3-66C8-42EC-8792-DF81139D668B}.Release|Any CPU.Build.0 = Release|Any CPU
	EndGlobalSection
	GlobalSection(SolutionProperties) = preSolution
		HideSolutionNode = FALSE
	EndGlobalSection
EndGlobal
